
Microsoft Visual Studio Solution File, Format Version 12.00
# Visual Studio Version 17
VisualStudioVersion = 17.10.35013.160
MinimumVisualStudioVersion = 10.0.40219.1
Project("{9A19103F-16F7-4668-BE54-9A1E7A4F7556}") = "AuthService.Host", "AuthService.Host\AuthService.Host.csproj", "{EBB7327D-2676-44C2-A060-782DF5F48A42}"
EndProject
Project("{9A19103F-16F7-4668-BE54-9A1E7A4F7556}") = "AuthService", "AuthService\AuthService.csproj", "{B99D0C90-3AFF-4DF6-8B0C-B7A907CAF953}"
EndProject
Global
	GlobalSection(SolutionConfigurationPlatforms) = preSolution
		Debug|Any CPU = Debug|Any CPU
		Release|Any CPU = Release|Any CPU
	EndGlobalSection
	GlobalSection(ProjectConfigurationPlatforms) = postSolution
		{EBB7327D-2676-44C2-A060-782DF5F48A42}.Debug|Any CPU.ActiveCfg = Debug|Any CPU
		{EBB7327D-2676-44C2-A060-782DF5F48A42}.Debug|Any CPU.Build.0 = Debug|Any CPU
		{EBB7327D-2676-44C2-A060-782DF5F48A42}.Release|Any CPU.ActiveCfg = Release|Any CPU
		{EBB7327D-2676-44C2-A060-782DF5F48A42}.Release|Any CPU.Build.0 = Release|Any CPU
		{B99D0C90-3AFF-4DF6-8B0C-B7A907CAF953}.Debug|Any CPU.ActiveCfg = Debug|Any CPU
		{B99D0C90-3AFF-4DF6-8B0C-B7A907CAF953}.Debug|Any CPU.Build.0 = Debug|Any CPU
		{B99D0C90-3AFF-4DF6-8B0C-B7A907CAF953}.Release|Any CPU.ActiveCfg = Release|Any CPU
		{B99D0C90-3AFF-4DF6-8B0C-B7A907CAF953}.Release|Any CPU.Build.0 = Release|Any CPU
	EndGlobalSection
	GlobalSection(SolutionProperties) = preSolution
		HideSolutionNode = FALSE
	EndGlobalSection
	GlobalSection(ExtensibilityGlobals) = postSolution
		SolutionGuid = {537F6A88-343A-4DBD-A598-778D5B7642DB}
	EndGlobalSection
EndGlobal
